// !$*UTF8*$!
{
	archiveVersion = 1;
	classes = {
	};
	objectVersion = 56;
	objects = {

/* Begin PBXBuildFile section */
		E44B68182AB4ADCA00B243B0 /* App.swift in Sources */ = {isa = PBXBuildFile; fileRef = E44B68172AB4ADCA00B243B0 /* App.swift */; };
		E44B681A2AB4ADCA00B243B0 /* PeopleView.swift in Sources */ = {isa = PBXBuildFile; fileRef = E44B68192AB4ADCA00B243B0 /* PeopleView.swift */; };
		E44B681C2AB4ADCA00B243B0 /* Person.swift in Sources */ = {isa = PBXBuildFile; fileRef = E44B681B2AB4ADCA00B243B0 /* Person.swift */; };
		E44B68292AB5667A00B243B0 /* ReceiptItem.swift in Sources */ = {isa = PBXBuildFile; fileRef = E44B68282AB5667A00B243B0 /* ReceiptItem.swift */; };
		E44B682C2AB5671600B243B0 /* TaxItem.swift in Sources */ = {isa = PBXBuildFile; fileRef = E44B682B2AB5671600B243B0 /* TaxItem.swift */; };
		E44B682E2AB5673B00B243B0 /* DiscountItem.swift in Sources */ = {isa = PBXBuildFile; fileRef = E44B682D2AB5673B00B243B0 /* DiscountItem.swift */; };
		E44B68302AB5675E00B243B0 /* MainTabView.swift in Sources */ = {isa = PBXBuildFile; fileRef = E44B682F2AB5675E00B243B0 /* MainTabView.swift */; };
		E44B68332AB56D0D00B243B0 /* Komponents in Frameworks */ = {isa = PBXBuildFile; productRef = E44B68322AB56D0D00B243B0 /* Komponents */; };
		E44B68372AB5700300B243B0 /* NavigationManager.swift in Sources */ = {isa = PBXBuildFile; fileRef = E44B68362AB5700300B243B0 /* NavigationManager.swift */; };
		E44B68392AB5702C00B243B0 /* TabManager.swift in Sources */ = {isa = PBXBuildFile; fileRef = E44B68382AB5702C00B243B0 /* TabManager.swift */; };
		E44B683C2AB5704300B243B0 /* TabType.swift in Sources */ = {isa = PBXBuildFile; fileRef = E44B683B2AB5704300B243B0 /* TabType.swift */; };
		E44B683E2AB5705600B243B0 /* ViewPath.swift in Sources */ = {isa = PBXBuildFile; fileRef = E44B683D2AB5705600B243B0 /* ViewPath.swift */; };
		E44B68402AB573C300B243B0 /* Localizable.xcstrings in Resources */ = {isa = PBXBuildFile; fileRef = E44B683F2AB573C300B243B0 /* Localizable.xcstrings */; };
		E44B68432AB579D800B243B0 /* MoreView.swift in Sources */ = {isa = PBXBuildFile; fileRef = E44B68422AB579D800B243B0 /* MoreView.swift */; };
		E44B68462AB5832900B243B0 /* Receipt.swift in Sources */ = {isa = PBXBuildFile; fileRef = E44B68452AB5832900B243B0 /* Receipt.swift */; };
		E44B68482AB58B9100B243B0 /* PersonCreator.swift in Sources */ = {isa = PBXBuildFile; fileRef = E44B68472AB58B9100B243B0 /* PersonCreator.swift */; };
		E44B684C2AB5931700B243B0 /* ReceiptsView.swift in Sources */ = {isa = PBXBuildFile; fileRef = E44B684B2AB5931700B243B0 /* ReceiptsView.swift */; };
		E44B684E2AB5938700B243B0 /* ReceiptColumn.swift in Sources */ = {isa = PBXBuildFile; fileRef = E44B684D2AB5938700B243B0 /* ReceiptColumn.swift */; };
		E44B68502AB5A36A00B243B0 /* ReceiptItemCompactRow.swift in Sources */ = {isa = PBXBuildFile; fileRef = E44B684F2AB5A36A00B243B0 /* ReceiptItemCompactRow.swift */; };
		E44B68522AB5B67F00B243B0 /* InfoPlist.xcstrings in Resources */ = {isa = PBXBuildFile; fileRef = E44B68512AB5B67F00B243B0 /* InfoPlist.xcstrings */; };
		E44B68542AB5BA4A00B243B0 /* ReceiptCreator.swift in Sources */ = {isa = PBXBuildFile; fileRef = E44B68532AB5BA4A00B243B0 /* ReceiptCreator.swift */; };
		E44B68562AB5BBFE00B243B0 /* PersonRow.swift in Sources */ = {isa = PBXBuildFile; fileRef = E44B68552AB5BBFE00B243B0 /* PersonRow.swift */; };
		E44B68592AB5C2FB00B243B0 /* ReceiptItemEditableRow.swift in Sources */ = {isa = PBXBuildFile; fileRef = E44B68582AB5C2FB00B243B0 /* ReceiptItemEditableRow.swift */; };
		E44B685B2AB5D7EA00B243B0 /* ReceiptItemEditable.swift in Sources */ = {isa = PBXBuildFile; fileRef = E44B685A2AB5D7EA00B243B0 /* ReceiptItemEditable.swift */; };
		E44B68612AB5FA0F00B243B0 /* ReceiptItemAssignableRow.swift in Sources */ = {isa = PBXBuildFile; fileRef = E44B68602AB5FA0F00B243B0 /* ReceiptItemAssignableRow.swift */; };
		E44B68632AB6BA0100B243B0 /* IOUView.swift in Sources */ = {isa = PBXBuildFile; fileRef = E44B68622AB6BA0100B243B0 /* IOUView.swift */; };
		E44B686A2AB6C6DB00B243B0 /* PeoplePicker.swift in Sources */ = {isa = PBXBuildFile; fileRef = E44B68692AB6C6DB00B243B0 /* PeoplePicker.swift */; };
		E44B686F2AB72A8700B243B0 /* IOUViewSafe.swift in Sources */ = {isa = PBXBuildFile; fileRef = E44B686E2AB72A8700B243B0 /* IOUViewSafe.swift */; };
		E44B68712AB731DF00B243B0 /* ReceiptDetailView.swift in Sources */ = {isa = PBXBuildFile; fileRef = E44B68702AB731DF00B243B0 /* ReceiptDetailView.swift */; };
		E44B68732AB7348700B243B0 /* ReceiptItemRow.swift in Sources */ = {isa = PBXBuildFile; fileRef = E44B68722AB7348700B243B0 /* ReceiptItemRow.swift */; };
		E44B68752AB7450900B243B0 /* PeopleTip.swift in Sources */ = {isa = PBXBuildFile; fileRef = E44B68742AB7450900B243B0 /* PeopleTip.swift */; };
		E44B68772AB7478A00B243B0 /* ReceiptsTip.swift in Sources */ = {isa = PBXBuildFile; fileRef = E44B68762AB7478A00B243B0 /* ReceiptsTip.swift */; };
		E44B68792AB80A8400B243B0 /* PeopleEditor.swift in Sources */ = {isa = PBXBuildFile; fileRef = E44B68782AB80A8400B243B0 /* PeopleEditor.swift */; };
		E46082382AB9575D001CF504 /* WidgetKit.framework in Frameworks */ = {isa = PBXBuildFile; fileRef = E46082372AB9575D001CF504 /* WidgetKit.framework */; };
		E460823A2AB9575D001CF504 /* SwiftUI.framework in Frameworks */ = {isa = PBXBuildFile; fileRef = E46082392AB9575D001CF504 /* SwiftUI.framework */; };
		E460823D2AB9575D001CF504 /* AssistantBundle.swift in Sources */ = {isa = PBXBuildFile; fileRef = E460823C2AB9575D001CF504 /* AssistantBundle.swift */; };
		E460823F2AB9575D001CF504 /* Assistant.swift in Sources */ = {isa = PBXBuildFile; fileRef = E460823E2AB9575D001CF504 /* Assistant.swift */; };
		E46082412AB9575E001CF504 /* Assets.xcassets in Resources */ = {isa = PBXBuildFile; fileRef = E46082402AB9575E001CF504 /* Assets.xcassets */; };
		E46082452AB9575E001CF504 /* AssistantExtension.appex in Embed Foundation Extensions */ = {isa = PBXBuildFile; fileRef = E46082352AB9575D001CF504 /* AssistantExtension.appex */; settings = {ATTRIBUTES = (RemoveHeadersOnCopy, ); }; };
		E460824A2AB95818001CF504 /* ReceiptItem.swift in Sources */ = {isa = PBXBuildFile; fileRef = E44B68282AB5667A00B243B0 /* ReceiptItem.swift */; };
		E460824B2AB95818001CF504 /* Person.swift in Sources */ = {isa = PBXBuildFile; fileRef = E44B681B2AB4ADCA00B243B0 /* Person.swift */; };
		E460824C2AB95818001CF504 /* DiscountItem.swift in Sources */ = {isa = PBXBuildFile; fileRef = E44B682D2AB5673B00B243B0 /* DiscountItem.swift */; };
		E460824D2AB95818001CF504 /* TaxItem.swift in Sources */ = {isa = PBXBuildFile; fileRef = E44B682B2AB5671600B243B0 /* TaxItem.swift */; };
		E460824E2AB95818001CF504 /* Receipt.swift in Sources */ = {isa = PBXBuildFile; fileRef = E44B68452AB5832900B243B0 /* Receipt.swift */; };
		E460824F2AB96240001CF504 /* ReceiptItemEditable.swift in Sources */ = {isa = PBXBuildFile; fileRef = E44B685A2AB5D7EA00B243B0 /* ReceiptItemEditable.swift */; };
		E46082542AB96B07001CF504 /* Localizable.xcstrings in Resources */ = {isa = PBXBuildFile; fileRef = E46082522AB96AF4001CF504 /* Localizable.xcstrings */; };
		E46082582AB9A711001CF504 /* ReceiptWidget.swift in Sources */ = {isa = PBXBuildFile; fileRef = E46082562AB9A6FE001CF504 /* ReceiptWidget.swift */; };
		E460825A2AB9A771001CF504 /* ReceiptEntry.swift in Sources */ = {isa = PBXBuildFile; fileRef = E46082592AB9A771001CF504 /* ReceiptEntry.swift */; };
		E460825D2AB9A7A0001CF504 /* Provider.swift in Sources */ = {isa = PBXBuildFile; fileRef = E460825C2AB9A7A0001CF504 /* Provider.swift */; };
		E46082612AB9A90D001CF504 /* ReceiptIntent.swift in Sources */ = {isa = PBXBuildFile; fileRef = E46082602AB9A90D001CF504 /* ReceiptIntent.swift */; };
		E46082642AB9AC5A001CF504 /* ReceiptEntity.swift in Sources */ = {isa = PBXBuildFile; fileRef = E46082632AB9AC5A001CF504 /* ReceiptEntity.swift */; };
		E4766C1C2AB845EC005E4B47 /* ReceiptEditor.swift in Sources */ = {isa = PBXBuildFile; fileRef = E4766C1B2AB845EC005E4B47 /* ReceiptEditor.swift */; };
		E4766C1F2AB8492B005E4B47 /* SearchView.swift in Sources */ = {isa = PBXBuildFile; fileRef = E4766C1E2AB8492B005E4B47 /* SearchView.swift */; };
		E4766C212AB86086005E4B47 /* ReceiptMarkPaidTip.swift in Sources */ = {isa = PBXBuildFile; fileRef = E4766C202AB86086005E4B47 /* ReceiptMarkPaidTip.swift */; };
		E4766C262AB886C9005E4B47 /* ReceiptItemDetailView.swift in Sources */ = {isa = PBXBuildFile; fileRef = E4766C252AB886C9005E4B47 /* ReceiptItemDetailView.swift */; };
		E4766C282AB88D41005E4B47 /* PeopleDetailView.swift in Sources */ = {isa = PBXBuildFile; fileRef = E4766C272AB88D41005E4B47 /* PeopleDetailView.swift */; };
		E4766C2B2AB89500005E4B47 /* ConfettiSwiftUI in Frameworks */ = {isa = PBXBuildFile; productRef = E4766C2A2AB89500005E4B47 /* ConfettiSwiftUI */; };
		E4766C2C2AB89CEE005E4B47 /* Assets.xcassets in Resources */ = {isa = PBXBuildFile; fileRef = E44B681D2AB4ADCB00B243B0 /* Assets.xcassets */; };
/* End PBXBuildFile section */

/* Begin PBXContainerItemProxy section */
		E46082432AB9575E001CF504 /* PBXContainerItemProxy */ = {
			isa = PBXContainerItemProxy;
			containerPortal = E44B680C2AB4ADCA00B243B0 /* Project object */;
			proxyType = 1;
			remoteGlobalIDString = E46082342AB9575D001CF504;
			remoteInfo = AssistantExtension;
		};
/* End PBXContainerItemProxy section */

/* Begin PBXCopyFilesBuildPhase section */
		E46082462AB9575E001CF504 /* Embed Foundation Extensions */ = {
			isa = PBXCopyFilesBuildPhase;
			buildActionMask = 2147483647;
			dstPath = "";
			dstSubfolderSpec = 13;
			files = (
				E46082452AB9575E001CF504 /* AssistantExtension.appex in Embed Foundation Extensions */,
			);
			name = "Embed Foundation Extensions";
			runOnlyForDeploymentPostprocessing = 0;
		};
/* End PBXCopyFilesBuildPhase section */

/* Begin PBXFileReference section */
		E44B68142AB4ADCA00B243B0 /* Meloan.app */ = {isa = PBXFileReference; explicitFileType = wrapper.application; includeInIndex = 0; path = Meloan.app; sourceTree = BUILT_PRODUCTS_DIR; };
		E44B68172AB4ADCA00B243B0 /* App.swift */ = {isa = PBXFileReference; lastKnownFileType = sourcecode.swift; path = App.swift; sourceTree = "<group>"; };
		E44B68192AB4ADCA00B243B0 /* PeopleView.swift */ = {isa = PBXFileReference; lastKnownFileType = sourcecode.swift; path = PeopleView.swift; sourceTree = "<group>"; };
		E44B681B2AB4ADCA00B243B0 /* Person.swift */ = {isa = PBXFileReference; lastKnownFileType = sourcecode.swift; path = Person.swift; sourceTree = "<group>"; };
		E44B681D2AB4ADCB00B243B0 /* Assets.xcassets */ = {isa = PBXFileReference; lastKnownFileType = folder.assetcatalog; path = Assets.xcassets; sourceTree = "<group>"; };
		E44B68282AB5667A00B243B0 /* ReceiptItem.swift */ = {isa = PBXFileReference; lastKnownFileType = sourcecode.swift; path = ReceiptItem.swift; sourceTree = "<group>"; };
		E44B682B2AB5671600B243B0 /* TaxItem.swift */ = {isa = PBXFileReference; lastKnownFileType = sourcecode.swift; path = TaxItem.swift; sourceTree = "<group>"; };
		E44B682D2AB5673B00B243B0 /* DiscountItem.swift */ = {isa = PBXFileReference; lastKnownFileType = sourcecode.swift; path = DiscountItem.swift; sourceTree = "<group>"; };
		E44B682F2AB5675E00B243B0 /* MainTabView.swift */ = {isa = PBXFileReference; lastKnownFileType = sourcecode.swift; path = MainTabView.swift; sourceTree = "<group>"; };
		E44B68362AB5700300B243B0 /* NavigationManager.swift */ = {isa = PBXFileReference; lastKnownFileType = sourcecode.swift; path = NavigationManager.swift; sourceTree = "<group>"; };
		E44B68382AB5702C00B243B0 /* TabManager.swift */ = {isa = PBXFileReference; lastKnownFileType = sourcecode.swift; path = TabManager.swift; sourceTree = "<group>"; };
		E44B683B2AB5704300B243B0 /* TabType.swift */ = {isa = PBXFileReference; lastKnownFileType = sourcecode.swift; path = TabType.swift; sourceTree = "<group>"; };
		E44B683D2AB5705600B243B0 /* ViewPath.swift */ = {isa = PBXFileReference; lastKnownFileType = sourcecode.swift; path = ViewPath.swift; sourceTree = "<group>"; };
		E44B683F2AB573C300B243B0 /* Localizable.xcstrings */ = {isa = PBXFileReference; lastKnownFileType = text.json.xcstrings; path = Localizable.xcstrings; sourceTree = "<group>"; };
		E44B68412AB5748900B243B0 /* Info.plist */ = {isa = PBXFileReference; lastKnownFileType = text.plist; path = Info.plist; sourceTree = "<group>"; };
		E44B68422AB579D800B243B0 /* MoreView.swift */ = {isa = PBXFileReference; lastKnownFileType = sourcecode.swift; path = MoreView.swift; sourceTree = "<group>"; };
		E44B68452AB5832900B243B0 /* Receipt.swift */ = {isa = PBXFileReference; lastKnownFileType = sourcecode.swift; path = Receipt.swift; sourceTree = "<group>"; };
		E44B68472AB58B9100B243B0 /* PersonCreator.swift */ = {isa = PBXFileReference; lastKnownFileType = sourcecode.swift; path = PersonCreator.swift; sourceTree = "<group>"; };
		E44B684B2AB5931700B243B0 /* ReceiptsView.swift */ = {isa = PBXFileReference; lastKnownFileType = sourcecode.swift; path = ReceiptsView.swift; sourceTree = "<group>"; };
		E44B684D2AB5938700B243B0 /* ReceiptColumn.swift */ = {isa = PBXFileReference; lastKnownFileType = sourcecode.swift; path = ReceiptColumn.swift; sourceTree = "<group>"; };
		E44B684F2AB5A36A00B243B0 /* ReceiptItemCompactRow.swift */ = {isa = PBXFileReference; lastKnownFileType = sourcecode.swift; path = ReceiptItemCompactRow.swift; sourceTree = "<group>"; };
		E44B68512AB5B67F00B243B0 /* InfoPlist.xcstrings */ = {isa = PBXFileReference; lastKnownFileType = text.json.xcstrings; path = InfoPlist.xcstrings; sourceTree = "<group>"; };
		E44B68532AB5BA4A00B243B0 /* ReceiptCreator.swift */ = {isa = PBXFileReference; lastKnownFileType = sourcecode.swift; path = ReceiptCreator.swift; sourceTree = "<group>"; };
		E44B68552AB5BBFE00B243B0 /* PersonRow.swift */ = {isa = PBXFileReference; lastKnownFileType = sourcecode.swift; path = PersonRow.swift; sourceTree = "<group>"; };
		E44B68582AB5C2FB00B243B0 /* ReceiptItemEditableRow.swift */ = {isa = PBXFileReference; lastKnownFileType = sourcecode.swift; path = ReceiptItemEditableRow.swift; sourceTree = "<group>"; };
		E44B685A2AB5D7EA00B243B0 /* ReceiptItemEditable.swift */ = {isa = PBXFileReference; lastKnownFileType = sourcecode.swift; path = ReceiptItemEditable.swift; sourceTree = "<group>"; };
		E44B68602AB5FA0F00B243B0 /* ReceiptItemAssignableRow.swift */ = {isa = PBXFileReference; lastKnownFileType = sourcecode.swift; path = ReceiptItemAssignableRow.swift; sourceTree = "<group>"; };
		E44B68622AB6BA0100B243B0 /* IOUView.swift */ = {isa = PBXFileReference; lastKnownFileType = sourcecode.swift; path = IOUView.swift; sourceTree = "<group>"; };
		E44B68692AB6C6DB00B243B0 /* PeoplePicker.swift */ = {isa = PBXFileReference; lastKnownFileType = sourcecode.swift; path = PeoplePicker.swift; sourceTree = "<group>"; };
		E44B686E2AB72A8700B243B0 /* IOUViewSafe.swift */ = {isa = PBXFileReference; lastKnownFileType = sourcecode.swift; path = IOUViewSafe.swift; sourceTree = "<group>"; };
		E44B68702AB731DF00B243B0 /* ReceiptDetailView.swift */ = {isa = PBXFileReference; lastKnownFileType = sourcecode.swift; path = ReceiptDetailView.swift; sourceTree = "<group>"; };
		E44B68722AB7348700B243B0 /* ReceiptItemRow.swift */ = {isa = PBXFileReference; lastKnownFileType = sourcecode.swift; path = ReceiptItemRow.swift; sourceTree = "<group>"; };
		E44B68742AB7450900B243B0 /* PeopleTip.swift */ = {isa = PBXFileReference; lastKnownFileType = sourcecode.swift; path = PeopleTip.swift; sourceTree = "<group>"; };
		E44B68762AB7478A00B243B0 /* ReceiptsTip.swift */ = {isa = PBXFileReference; lastKnownFileType = sourcecode.swift; path = ReceiptsTip.swift; sourceTree = "<group>"; };
		E44B68782AB80A8400B243B0 /* PeopleEditor.swift */ = {isa = PBXFileReference; lastKnownFileType = sourcecode.swift; path = PeopleEditor.swift; sourceTree = "<group>"; };
		E46082352AB9575D001CF504 /* AssistantExtension.appex */ = {isa = PBXFileReference; explicitFileType = "wrapper.app-extension"; includeInIndex = 0; path = AssistantExtension.appex; sourceTree = BUILT_PRODUCTS_DIR; };
		E46082372AB9575D001CF504 /* WidgetKit.framework */ = {isa = PBXFileReference; lastKnownFileType = wrapper.framework; name = WidgetKit.framework; path = System/Library/Frameworks/WidgetKit.framework; sourceTree = SDKROOT; };
		E46082392AB9575D001CF504 /* SwiftUI.framework */ = {isa = PBXFileReference; lastKnownFileType = wrapper.framework; name = SwiftUI.framework; path = System/Library/Frameworks/SwiftUI.framework; sourceTree = SDKROOT; };
		E460823C2AB9575D001CF504 /* AssistantBundle.swift */ = {isa = PBXFileReference; lastKnownFileType = sourcecode.swift; path = AssistantBundle.swift; sourceTree = "<group>"; };
		E460823E2AB9575D001CF504 /* Assistant.swift */ = {isa = PBXFileReference; lastKnownFileType = sourcecode.swift; path = Assistant.swift; sourceTree = "<group>"; };
		E46082402AB9575E001CF504 /* Assets.xcassets */ = {isa = PBXFileReference; lastKnownFileType = folder.assetcatalog; path = Assets.xcassets; sourceTree = "<group>"; };
		E46082422AB9575E001CF504 /* Info.plist */ = {isa = PBXFileReference; lastKnownFileType = text.plist.xml; path = Info.plist; sourceTree = "<group>"; };
		E46082502AB96603001CF504 /* Meloan.entitlements */ = {isa = PBXFileReference; lastKnownFileType = text.plist.entitlements; path = Meloan.entitlements; sourceTree = "<group>"; };
		E46082512AB96991001CF504 /* AssistantExtension.entitlements */ = {isa = PBXFileReference; lastKnownFileType = text.plist.entitlements; path = AssistantExtension.entitlements; sourceTree = "<group>"; };
		E46082522AB96AF4001CF504 /* Localizable.xcstrings */ = {isa = PBXFileReference; lastKnownFileType = text.json.xcstrings; path = Localizable.xcstrings; sourceTree = "<group>"; };
		E46082562AB9A6FE001CF504 /* ReceiptWidget.swift */ = {isa = PBXFileReference; lastKnownFileType = sourcecode.swift; path = ReceiptWidget.swift; sourceTree = "<group>"; };
		E46082592AB9A771001CF504 /* ReceiptEntry.swift */ = {isa = PBXFileReference; lastKnownFileType = sourcecode.swift; path = ReceiptEntry.swift; sourceTree = "<group>"; };
		E460825C2AB9A7A0001CF504 /* Provider.swift */ = {isa = PBXFileReference; lastKnownFileType = sourcecode.swift; path = Provider.swift; sourceTree = "<group>"; };
		E46082602AB9A90D001CF504 /* ReceiptIntent.swift */ = {isa = PBXFileReference; lastKnownFileType = sourcecode.swift; path = ReceiptIntent.swift; sourceTree = "<group>"; };
		E46082632AB9AC5A001CF504 /* ReceiptEntity.swift */ = {isa = PBXFileReference; lastKnownFileType = sourcecode.swift; path = ReceiptEntity.swift; sourceTree = "<group>"; };
		E4766C1B2AB845EC005E4B47 /* ReceiptEditor.swift */ = {isa = PBXFileReference; lastKnownFileType = sourcecode.swift; path = ReceiptEditor.swift; sourceTree = "<group>"; };
		E4766C1E2AB8492B005E4B47 /* SearchView.swift */ = {isa = PBXFileReference; lastKnownFileType = sourcecode.swift; path = SearchView.swift; sourceTree = "<group>"; };
		E4766C202AB86086005E4B47 /* ReceiptMarkPaidTip.swift */ = {isa = PBXFileReference; lastKnownFileType = sourcecode.swift; path = ReceiptMarkPaidTip.swift; sourceTree = "<group>"; };
		E4766C252AB886C9005E4B47 /* ReceiptItemDetailView.swift */ = {isa = PBXFileReference; lastKnownFileType = sourcecode.swift; path = ReceiptItemDetailView.swift; sourceTree = "<group>"; };
		E4766C272AB88D41005E4B47 /* PeopleDetailView.swift */ = {isa = PBXFileReference; lastKnownFileType = sourcecode.swift; path = PeopleDetailView.swift; sourceTree = "<group>"; };
/* End PBXFileReference section */

/* Begin PBXFrameworksBuildPhase section */
		E44B68112AB4ADCA00B243B0 /* Frameworks */ = {
			isa = PBXFrameworksBuildPhase;
			buildActionMask = 2147483647;
			files = (
				E4766C2B2AB89500005E4B47 /* ConfettiSwiftUI in Frameworks */,
				E44B68332AB56D0D00B243B0 /* Komponents in Frameworks */,
			);
			runOnlyForDeploymentPostprocessing = 0;
		};
		E46082322AB9575D001CF504 /* Frameworks */ = {
			isa = PBXFrameworksBuildPhase;
			buildActionMask = 2147483647;
			files = (
				E460823A2AB9575D001CF504 /* SwiftUI.framework in Frameworks */,
				E46082382AB9575D001CF504 /* WidgetKit.framework in Frameworks */,
			);
			runOnlyForDeploymentPostprocessing = 0;
		};
/* End PBXFrameworksBuildPhase section */

/* Begin PBXGroup section */
		E44B680B2AB4ADCA00B243B0 = {
			isa = PBXGroup;
			children = (
				E46082512AB96991001CF504 /* AssistantExtension.entitlements */,
				E44B68162AB4ADCA00B243B0 /* Meloan */,
				E460823B2AB9575D001CF504 /* Assistant */,
				E46082362AB9575D001CF504 /* Frameworks */,
				E44B68152AB4ADCA00B243B0 /* Products */,
			);
			sourceTree = "<group>";
		};
		E44B68152AB4ADCA00B243B0 /* Products */ = {
			isa = PBXGroup;
			children = (
				E44B68142AB4ADCA00B243B0 /* Meloan.app */,
				E46082352AB9575D001CF504 /* AssistantExtension.appex */,
			);
			name = Products;
			sourceTree = "<group>";
		};
		E44B68162AB4ADCA00B243B0 /* Meloan */ = {
			isa = PBXGroup;
			children = (
				E46082502AB96603001CF504 /* Meloan.entitlements */,
				E44B68412AB5748900B243B0 /* Info.plist */,
				E44B681D2AB4ADCB00B243B0 /* Assets.xcassets */,
				E44B68512AB5B67F00B243B0 /* InfoPlist.xcstrings */,
				E44B683F2AB573C300B243B0 /* Localizable.xcstrings */,
				E44B68342AB56FEC00B243B0 /* Views */,
				E44B686B2AB6CDE700B243B0 /* Structs */,
				E44B68352AB56FF100B243B0 /* Classes */,
				E44B683A2AB5703C00B243B0 /* Enums */,
				E44B68272AB5662800B243B0 /* SwiftData */,
			);
			path = Meloan;
			sourceTree = "<group>";
		};
		E44B68272AB5662800B243B0 /* SwiftData */ = {
			isa = PBXGroup;
			children = (
				E44B68452AB5832900B243B0 /* Receipt.swift */,
				E44B681B2AB4ADCA00B243B0 /* Person.swift */,
				E44B68282AB5667A00B243B0 /* ReceiptItem.swift */,
				E44B682D2AB5673B00B243B0 /* DiscountItem.swift */,
				E44B682B2AB5671600B243B0 /* TaxItem.swift */,
			);
			path = SwiftData;
			sourceTree = "<group>";
		};
		E44B68342AB56FEC00B243B0 /* Views */ = {
			isa = PBXGroup;
			children = (
				E44B68172AB4ADCA00B243B0 /* App.swift */,
				E44B682F2AB5675E00B243B0 /* MainTabView.swift */,
				E44B68492AB592F400B243B0 /* Receipts */,
				E44B684A2AB592F800B243B0 /* IOU */,
				E44B68442AB5806A00B243B0 /* People */,
				E4766C1D2AB84921005E4B47 /* Search */,
				E44B68572AB5BC0600B243B0 /* Shared */,
				E44B68422AB579D800B243B0 /* MoreView.swift */,
			);
			path = Views;
			sourceTree = "<group>";
		};
		E44B68352AB56FF100B243B0 /* Classes */ = {
			isa = PBXGroup;
			children = (
				E44B68362AB5700300B243B0 /* NavigationManager.swift */,
				E44B68382AB5702C00B243B0 /* TabManager.swift */,
			);
			path = Classes;
			sourceTree = "<group>";
		};
		E44B683A2AB5703C00B243B0 /* Enums */ = {
			isa = PBXGroup;
			children = (
				E44B683D2AB5705600B243B0 /* ViewPath.swift */,
				E44B683B2AB5704300B243B0 /* TabType.swift */,
			);
			path = Enums;
			sourceTree = "<group>";
		};
		E44B68442AB5806A00B243B0 /* People */ = {
			isa = PBXGroup;
			children = (
				E44B68192AB4ADCA00B243B0 /* PeopleView.swift */,
				E44B68472AB58B9100B243B0 /* PersonCreator.swift */,
				E44B68782AB80A8400B243B0 /* PeopleEditor.swift */,
			);
			path = People;
			sourceTree = "<group>";
		};
		E44B68492AB592F400B243B0 /* Receipts */ = {
			isa = PBXGroup;
			children = (
				E44B684B2AB5931700B243B0 /* ReceiptsView.swift */,
				E44B68702AB731DF00B243B0 /* ReceiptDetailView.swift */,
				E44B68532AB5BA4A00B243B0 /* ReceiptCreator.swift */,
				E4766C1B2AB845EC005E4B47 /* ReceiptEditor.swift */,
				E44B684D2AB5938700B243B0 /* ReceiptColumn.swift */,
				E44B68722AB7348700B243B0 /* ReceiptItemRow.swift */,
				E44B684F2AB5A36A00B243B0 /* ReceiptItemCompactRow.swift */,
				E44B68582AB5C2FB00B243B0 /* ReceiptItemEditableRow.swift */,
				E44B68602AB5FA0F00B243B0 /* ReceiptItemAssignableRow.swift */,
			);
			path = Receipts;
			sourceTree = "<group>";
		};
		E44B684A2AB592F800B243B0 /* IOU */ = {
			isa = PBXGroup;
			children = (
				E44B68622AB6BA0100B243B0 /* IOUView.swift */,
			);
			path = IOU;
			sourceTree = "<group>";
		};
		E44B68572AB5BC0600B243B0 /* Shared */ = {
			isa = PBXGroup;
			children = (
				E44B68552AB5BBFE00B243B0 /* PersonRow.swift */,
				E44B68692AB6C6DB00B243B0 /* PeoplePicker.swift */,
				E4766C252AB886C9005E4B47 /* ReceiptItemDetailView.swift */,
				E4766C272AB88D41005E4B47 /* PeopleDetailView.swift */,
			);
			path = Shared;
			sourceTree = "<group>";
		};
		E44B686B2AB6CDE700B243B0 /* Structs */ = {
			isa = PBXGroup;
			children = (
				E44B685A2AB5D7EA00B243B0 /* ReceiptItemEditable.swift */,
				E44B686E2AB72A8700B243B0 /* IOUViewSafe.swift */,
				E44B68742AB7450900B243B0 /* PeopleTip.swift */,
				E44B68762AB7478A00B243B0 /* ReceiptsTip.swift */,
				E4766C202AB86086005E4B47 /* ReceiptMarkPaidTip.swift */,
			);
			path = Structs;
			sourceTree = "<group>";
		};
		E46082362AB9575D001CF504 /* Frameworks */ = {
			isa = PBXGroup;
			children = (
				E46082372AB9575D001CF504 /* WidgetKit.framework */,
				E46082392AB9575D001CF504 /* SwiftUI.framework */,
			);
			name = Frameworks;
			sourceTree = "<group>";
		};
		E460823B2AB9575D001CF504 /* Assistant */ = {
			isa = PBXGroup;
			children = (
				E46082552AB9A6F3001CF504 /* ReceiptWidget */,
				E460825F2AB9A8FD001CF504 /* Intents */,
				E46082622AB9AC4E001CF504 /* Entities */,
				E460825E2AB9A7B9001CF504 /* Utilities */,
				E460823C2AB9575D001CF504 /* AssistantBundle.swift */,
				E460823E2AB9575D001CF504 /* Assistant.swift */,
				E46082402AB9575E001CF504 /* Assets.xcassets */,
				E46082422AB9575E001CF504 /* Info.plist */,
				E46082522AB96AF4001CF504 /* Localizable.xcstrings */,
			);
			path = Assistant;
			sourceTree = "<group>";
		};
		E46082552AB9A6F3001CF504 /* ReceiptWidget */ = {
			isa = PBXGroup;
			children = (
				E46082562AB9A6FE001CF504 /* ReceiptWidget.swift */,
			);
			path = ReceiptWidget;
			sourceTree = "<group>";
		};
		E460825E2AB9A7B9001CF504 /* Utilities */ = {
			isa = PBXGroup;
			children = (
				E46082592AB9A771001CF504 /* ReceiptEntry.swift */,
				E460825C2AB9A7A0001CF504 /* Provider.swift */,
			);
			path = Utilities;
			sourceTree = "<group>";
		};
		E460825F2AB9A8FD001CF504 /* Intents */ = {
			isa = PBXGroup;
			children = (
				E46082602AB9A90D001CF504 /* ReceiptIntent.swift */,
			);
			path = Intents;
			sourceTree = "<group>";
		};
		E46082622AB9AC4E001CF504 /* Entities */ = {
			isa = PBXGroup;
			children = (
				E46082632AB9AC5A001CF504 /* ReceiptEntity.swift */,
			);
			path = Entities;
			sourceTree = "<group>";
		};
		E4766C1D2AB84921005E4B47 /* Search */ = {
			isa = PBXGroup;
			children = (
				E4766C1E2AB8492B005E4B47 /* SearchView.swift */,
			);
			path = Search;
			sourceTree = "<group>";
		};
/* End PBXGroup section */

/* Begin PBXNativeTarget section */
		E44B68132AB4ADCA00B243B0 /* Meloan */ = {
			isa = PBXNativeTarget;
			buildConfigurationList = E44B68242AB4ADCB00B243B0 /* Build configuration list for PBXNativeTarget "Meloan" */;
			buildPhases = (
				E44B68102AB4ADCA00B243B0 /* Sources */,
				E44B68112AB4ADCA00B243B0 /* Frameworks */,
				E44B68122AB4ADCA00B243B0 /* Resources */,
				E44B682A2AB566D200B243B0 /* ShellScript */,
				E46082462AB9575E001CF504 /* Embed Foundation Extensions */,
			);
			buildRules = (
			);
			dependencies = (
				E46082442AB9575E001CF504 /* PBXTargetDependency */,
			);
			name = Meloan;
			packageProductDependencies = (
				E44B68322AB56D0D00B243B0 /* Komponents */,
				E4766C2A2AB89500005E4B47 /* ConfettiSwiftUI */,
			);
			productName = Meloan;
			productReference = E44B68142AB4ADCA00B243B0 /* Meloan.app */;
			productType = "com.apple.product-type.application";
		};
		E46082342AB9575D001CF504 /* AssistantExtension */ = {
			isa = PBXNativeTarget;
			buildConfigurationList = E46082492AB9575E001CF504 /* Build configuration list for PBXNativeTarget "AssistantExtension" */;
			buildPhases = (
				E46082312AB9575D001CF504 /* Sources */,
				E46082322AB9575D001CF504 /* Frameworks */,
				E46082332AB9575D001CF504 /* Resources */,
			);
			buildRules = (
			);
			dependencies = (
			);
			name = AssistantExtension;
			productName = AssistantExtension;
			productReference = E46082352AB9575D001CF504 /* AssistantExtension.appex */;
			productType = "com.apple.product-type.app-extension";
		};
/* End PBXNativeTarget section */

/* Begin PBXProject section */
		E44B680C2AB4ADCA00B243B0 /* Project object */ = {
			isa = PBXProject;
			attributes = {
				BuildIndependentTargetsInParallel = 1;
				LastSwiftUpdateCheck = 1500;
				LastUpgradeCheck = 1500;
				TargetAttributes = {
					E44B68132AB4ADCA00B243B0 = {
						CreatedOnToolsVersion = 15.0;
					};
					E46082342AB9575D001CF504 = {
						CreatedOnToolsVersion = 15.0;
					};
				};
			};
			buildConfigurationList = E44B680F2AB4ADCA00B243B0 /* Build configuration list for PBXProject "Meloan" */;
			compatibilityVersion = "Xcode 14.0";
			developmentRegion = en;
			hasScannedForEncodings = 0;
			knownRegions = (
				en,
				Base,
				ja,
			);
			mainGroup = E44B680B2AB4ADCA00B243B0;
			packageReferences = (
				E44B68312AB56D0D00B243B0 /* XCRemoteSwiftPackageReference "Komponents" */,
				E4766C292AB89500005E4B47 /* XCRemoteSwiftPackageReference "ConfettiSwiftUI" */,
			);
			productRefGroup = E44B68152AB4ADCA00B243B0 /* Products */;
			projectDirPath = "";
			projectRoot = "";
			targets = (
				E44B68132AB4ADCA00B243B0 /* Meloan */,
				E46082342AB9575D001CF504 /* AssistantExtension */,
			);
		};
/* End PBXProject section */

/* Begin PBXResourcesBuildPhase section */
		E44B68122AB4ADCA00B243B0 /* Resources */ = {
			isa = PBXResourcesBuildPhase;
			buildActionMask = 2147483647;
			files = (
				E44B68522AB5B67F00B243B0 /* InfoPlist.xcstrings in Resources */,
				E4766C2C2AB89CEE005E4B47 /* Assets.xcassets in Resources */,
				E44B68402AB573C300B243B0 /* Localizable.xcstrings in Resources */,
			);
			runOnlyForDeploymentPostprocessing = 0;
		};
		E46082332AB9575D001CF504 /* Resources */ = {
			isa = PBXResourcesBuildPhase;
			buildActionMask = 2147483647;
			files = (
				E46082542AB96B07001CF504 /* Localizable.xcstrings in Resources */,
				E46082412AB9575E001CF504 /* Assets.xcassets in Resources */,
			);
			runOnlyForDeploymentPostprocessing = 0;
		};
/* End PBXResourcesBuildPhase section */

/* Begin PBXShellScriptBuildPhase section */
		E44B682A2AB566D200B243B0 /* ShellScript */ = {
			isa = PBXShellScriptBuildPhase;
			alwaysOutOfDate = 1;
			buildActionMask = 2147483647;
			files = (
			);
			inputFileListPaths = (
			);
			inputPaths = (
			);
			outputFileListPaths = (
			);
			outputPaths = (
			);
			runOnlyForDeploymentPostprocessing = 0;
			shellPath = /bin/sh;
			shellScript = "export PATH=\"$PATH:/opt/homebrew/bin\"\nif which swiftlint > /dev/null; then\n  swiftlint\nelse\n  echo \"warning: SwiftLint not installed, download from https://github.com/realm/SwiftLint\"\nfi\n";
		};
/* End PBXShellScriptBuildPhase section */

/* Begin PBXSourcesBuildPhase section */
		E44B68102AB4ADCA00B243B0 /* Sources */ = {
			isa = PBXSourcesBuildPhase;
			buildActionMask = 2147483647;
			files = (
				E44B681A2AB4ADCA00B243B0 /* PeopleView.swift in Sources */,
				E44B68542AB5BA4A00B243B0 /* ReceiptCreator.swift in Sources */,
				E44B683E2AB5705600B243B0 /* ViewPath.swift in Sources */,
				E44B686A2AB6C6DB00B243B0 /* PeoplePicker.swift in Sources */,
				E44B681C2AB4ADCA00B243B0 /* Person.swift in Sources */,
				E44B68462AB5832900B243B0 /* Receipt.swift in Sources */,
				E44B684C2AB5931700B243B0 /* ReceiptsView.swift in Sources */,
				E4766C212AB86086005E4B47 /* ReceiptMarkPaidTip.swift in Sources */,
				E44B68182AB4ADCA00B243B0 /* App.swift in Sources */,
				E44B686F2AB72A8700B243B0 /* IOUViewSafe.swift in Sources */,
				E44B68482AB58B9100B243B0 /* PersonCreator.swift in Sources */,
				E44B68732AB7348700B243B0 /* ReceiptItemRow.swift in Sources */,
				E44B682E2AB5673B00B243B0 /* DiscountItem.swift in Sources */,
				E4766C1C2AB845EC005E4B47 /* ReceiptEditor.swift in Sources */,
				E44B684E2AB5938700B243B0 /* ReceiptColumn.swift in Sources */,
				E44B685B2AB5D7EA00B243B0 /* ReceiptItemEditable.swift in Sources */,
				E44B68302AB5675E00B243B0 /* MainTabView.swift in Sources */,
				E44B68372AB5700300B243B0 /* NavigationManager.swift in Sources */,
				E44B68612AB5FA0F00B243B0 /* ReceiptItemAssignableRow.swift in Sources */,
				E44B68432AB579D800B243B0 /* MoreView.swift in Sources */,
				E44B68632AB6BA0100B243B0 /* IOUView.swift in Sources */,
				E44B682C2AB5671600B243B0 /* TaxItem.swift in Sources */,
				E44B68752AB7450900B243B0 /* PeopleTip.swift in Sources */,
				E4766C262AB886C9005E4B47 /* ReceiptItemDetailView.swift in Sources */,
				E44B683C2AB5704300B243B0 /* TabType.swift in Sources */,
				E44B68292AB5667A00B243B0 /* ReceiptItem.swift in Sources */,
				E44B68392AB5702C00B243B0 /* TabManager.swift in Sources */,
				E44B68712AB731DF00B243B0 /* ReceiptDetailView.swift in Sources */,
				E44B68502AB5A36A00B243B0 /* ReceiptItemCompactRow.swift in Sources */,
				E4766C282AB88D41005E4B47 /* PeopleDetailView.swift in Sources */,
				E44B68592AB5C2FB00B243B0 /* ReceiptItemEditableRow.swift in Sources */,
				E4766C1F2AB8492B005E4B47 /* SearchView.swift in Sources */,
				E44B68772AB7478A00B243B0 /* ReceiptsTip.swift in Sources */,
				E44B68562AB5BBFE00B243B0 /* PersonRow.swift in Sources */,
				E44B68792AB80A8400B243B0 /* PeopleEditor.swift in Sources */,
			);
			runOnlyForDeploymentPostprocessing = 0;
		};
		E46082312AB9575D001CF504 /* Sources */ = {
			isa = PBXSourcesBuildPhase;
			buildActionMask = 2147483647;
			files = (
				E46082582AB9A711001CF504 /* ReceiptWidget.swift in Sources */,
				E460823F2AB9575D001CF504 /* Assistant.swift in Sources */,
				E460824F2AB96240001CF504 /* ReceiptItemEditable.swift in Sources */,
				E460824C2AB95818001CF504 /* DiscountItem.swift in Sources */,
				E460824E2AB95818001CF504 /* Receipt.swift in Sources */,
				E460824A2AB95818001CF504 /* ReceiptItem.swift in Sources */,
				E460824B2AB95818001CF504 /* Person.swift in Sources */,
				E460825D2AB9A7A0001CF504 /* Provider.swift in Sources */,
				E46082612AB9A90D001CF504 /* ReceiptIntent.swift in Sources */,
				E460824D2AB95818001CF504 /* TaxItem.swift in Sources */,
				E46082642AB9AC5A001CF504 /* ReceiptEntity.swift in Sources */,
				E460825A2AB9A771001CF504 /* ReceiptEntry.swift in Sources */,
				E460823D2AB9575D001CF504 /* AssistantBundle.swift in Sources */,
			);
			runOnlyForDeploymentPostprocessing = 0;
		};
/* End PBXSourcesBuildPhase section */

/* Begin PBXTargetDependency section */
		E46082442AB9575E001CF504 /* PBXTargetDependency */ = {
			isa = PBXTargetDependency;
			target = E46082342AB9575D001CF504 /* AssistantExtension */;
			targetProxy = E46082432AB9575E001CF504 /* PBXContainerItemProxy */;
		};
/* End PBXTargetDependency section */

/* Begin XCBuildConfiguration section */
		E44B68222AB4ADCB00B243B0 /* Debug */ = {
			isa = XCBuildConfiguration;
			buildSettings = {
				ALWAYS_SEARCH_USER_PATHS = NO;
				ASSETCATALOG_COMPILER_GENERATE_SWIFT_ASSET_SYMBOL_EXTENSIONS = YES;
				CLANG_ANALYZER_LOCALIZABILITY_NONLOCALIZED = YES;
				CLANG_ANALYZER_NONNULL = YES;
				CLANG_ANALYZER_NUMBER_OBJECT_CONVERSION = YES_AGGRESSIVE;
				CLANG_CXX_LANGUAGE_STANDARD = "gnu++20";
				CLANG_ENABLE_MODULES = YES;
				CLANG_ENABLE_OBJC_ARC = YES;
				CLANG_ENABLE_OBJC_WEAK = YES;
				CLANG_WARN_BLOCK_CAPTURE_AUTORELEASING = YES;
				CLANG_WARN_BOOL_CONVERSION = YES;
				CLANG_WARN_COMMA = YES;
				CLANG_WARN_CONSTANT_CONVERSION = YES;
				CLANG_WARN_DEPRECATED_OBJC_IMPLEMENTATIONS = YES;
				CLANG_WARN_DIRECT_OBJC_ISA_USAGE = YES_ERROR;
				CLANG_WARN_DOCUMENTATION_COMMENTS = YES;
				CLANG_WARN_EMPTY_BODY = YES;
				CLANG_WARN_ENUM_CONVERSION = YES;
				CLANG_WARN_INFINITE_RECURSION = YES;
				CLANG_WARN_INT_CONVERSION = YES;
				CLANG_WARN_NON_LITERAL_NULL_CONVERSION = YES;
				CLANG_WARN_OBJC_IMPLICIT_RETAIN_SELF = YES;
				CLANG_WARN_OBJC_LITERAL_CONVERSION = YES;
				CLANG_WARN_OBJC_ROOT_CLASS = YES_ERROR;
				CLANG_WARN_QUOTED_INCLUDE_IN_FRAMEWORK_HEADER = YES;
				CLANG_WARN_RANGE_LOOP_ANALYSIS = YES;
				CLANG_WARN_STRICT_PROTOTYPES = YES;
				CLANG_WARN_SUSPICIOUS_MOVE = YES;
				CLANG_WARN_UNGUARDED_AVAILABILITY = YES_AGGRESSIVE;
				CLANG_WARN_UNREACHABLE_CODE = YES;
				CLANG_WARN__DUPLICATE_METHOD_MATCH = YES;
				COPY_PHASE_STRIP = NO;
				DEBUG_INFORMATION_FORMAT = dwarf;
				ENABLE_STRICT_OBJC_MSGSEND = YES;
				ENABLE_TESTABILITY = YES;
				ENABLE_USER_SCRIPT_SANDBOXING = YES;
				GCC_C_LANGUAGE_STANDARD = gnu17;
				GCC_DYNAMIC_NO_PIC = NO;
				GCC_NO_COMMON_BLOCKS = YES;
				GCC_OPTIMIZATION_LEVEL = 0;
				GCC_PREPROCESSOR_DEFINITIONS = (
					"DEBUG=1",
					"$(inherited)",
				);
				GCC_WARN_64_TO_32_BIT_CONVERSION = YES;
				GCC_WARN_ABOUT_RETURN_TYPE = YES_ERROR;
				GCC_WARN_UNDECLARED_SELECTOR = YES;
				GCC_WARN_UNINITIALIZED_AUTOS = YES_AGGRESSIVE;
				GCC_WARN_UNUSED_FUNCTION = YES;
				GCC_WARN_UNUSED_VARIABLE = YES;
				IPHONEOS_DEPLOYMENT_TARGET = 17.0;
				LOCALIZATION_PREFERS_STRING_CATALOGS = YES;
				MTL_ENABLE_DEBUG_INFO = INCLUDE_SOURCE;
				MTL_FAST_MATH = YES;
				ONLY_ACTIVE_ARCH = YES;
				SDKROOT = iphoneos;
				SWIFT_ACTIVE_COMPILATION_CONDITIONS = "DEBUG $(inherited)";
				SWIFT_OPTIMIZATION_LEVEL = "-Onone";
			};
			name = Debug;
		};
		E44B68232AB4ADCB00B243B0 /* Release */ = {
			isa = XCBuildConfiguration;
			buildSettings = {
				ALWAYS_SEARCH_USER_PATHS = NO;
				ASSETCATALOG_COMPILER_GENERATE_SWIFT_ASSET_SYMBOL_EXTENSIONS = YES;
				CLANG_ANALYZER_LOCALIZABILITY_NONLOCALIZED = YES;
				CLANG_ANALYZER_NONNULL = YES;
				CLANG_ANALYZER_NUMBER_OBJECT_CONVERSION = YES_AGGRESSIVE;
				CLANG_CXX_LANGUAGE_STANDARD = "gnu++20";
				CLANG_ENABLE_MODULES = YES;
				CLANG_ENABLE_OBJC_ARC = YES;
				CLANG_ENABLE_OBJC_WEAK = YES;
				CLANG_WARN_BLOCK_CAPTURE_AUTORELEASING = YES;
				CLANG_WARN_BOOL_CONVERSION = YES;
				CLANG_WARN_COMMA = YES;
				CLANG_WARN_CONSTANT_CONVERSION = YES;
				CLANG_WARN_DEPRECATED_OBJC_IMPLEMENTATIONS = YES;
				CLANG_WARN_DIRECT_OBJC_ISA_USAGE = YES_ERROR;
				CLANG_WARN_DOCUMENTATION_COMMENTS = YES;
				CLANG_WARN_EMPTY_BODY = YES;
				CLANG_WARN_ENUM_CONVERSION = YES;
				CLANG_WARN_INFINITE_RECURSION = YES;
				CLANG_WARN_INT_CONVERSION = YES;
				CLANG_WARN_NON_LITERAL_NULL_CONVERSION = YES;
				CLANG_WARN_OBJC_IMPLICIT_RETAIN_SELF = YES;
				CLANG_WARN_OBJC_LITERAL_CONVERSION = YES;
				CLANG_WARN_OBJC_ROOT_CLASS = YES_ERROR;
				CLANG_WARN_QUOTED_INCLUDE_IN_FRAMEWORK_HEADER = YES;
				CLANG_WARN_RANGE_LOOP_ANALYSIS = YES;
				CLANG_WARN_STRICT_PROTOTYPES = YES;
				CLANG_WARN_SUSPICIOUS_MOVE = YES;
				CLANG_WARN_UNGUARDED_AVAILABILITY = YES_AGGRESSIVE;
				CLANG_WARN_UNREACHABLE_CODE = YES;
				CLANG_WARN__DUPLICATE_METHOD_MATCH = YES;
				COPY_PHASE_STRIP = NO;
				DEBUG_INFORMATION_FORMAT = "dwarf-with-dsym";
				ENABLE_NS_ASSERTIONS = NO;
				ENABLE_STRICT_OBJC_MSGSEND = YES;
				ENABLE_USER_SCRIPT_SANDBOXING = YES;
				GCC_C_LANGUAGE_STANDARD = gnu17;
				GCC_NO_COMMON_BLOCKS = YES;
				GCC_WARN_64_TO_32_BIT_CONVERSION = YES;
				GCC_WARN_ABOUT_RETURN_TYPE = YES_ERROR;
				GCC_WARN_UNDECLARED_SELECTOR = YES;
				GCC_WARN_UNINITIALIZED_AUTOS = YES_AGGRESSIVE;
				GCC_WARN_UNUSED_FUNCTION = YES;
				GCC_WARN_UNUSED_VARIABLE = YES;
				IPHONEOS_DEPLOYMENT_TARGET = 17.0;
				LOCALIZATION_PREFERS_STRING_CATALOGS = YES;
				MTL_ENABLE_DEBUG_INFO = NO;
				MTL_FAST_MATH = YES;
				SDKROOT = iphoneos;
				SWIFT_COMPILATION_MODE = wholemodule;
				VALIDATE_PRODUCT = YES;
			};
			name = Release;
		};
		E44B68252AB4ADCB00B243B0 /* Debug */ = {
			isa = XCBuildConfiguration;
			buildSettings = {
				ALWAYS_EMBED_SWIFT_STANDARD_LIBRARIES = YES;
				ASSETCATALOG_COMPILER_APPICON_NAME = AppIcon;
				ASSETCATALOG_COMPILER_GLOBAL_ACCENT_COLOR_NAME = AccentColor;
				CODE_SIGN_ENTITLEMENTS = Meloan/Meloan.entitlements;
				CODE_SIGN_STYLE = Automatic;
				CURRENT_PROJECT_VERSION = 1;
				DEVELOPMENT_TEAM = YYM4Z6MU8F;
				ENABLE_PREVIEWS = YES;
				ENABLE_USER_SCRIPT_SANDBOXING = NO;
				GENERATE_INFOPLIST_FILE = YES;
				INFOPLIST_FILE = Meloan/Info.plist;
				INFOPLIST_KEY_UIApplicationSceneManifest_Generation = YES;
				INFOPLIST_KEY_UIApplicationSupportsIndirectInputEvents = YES;
				INFOPLIST_KEY_UISupportedInterfaceOrientations_iPad = "UIInterfaceOrientationPortrait UIInterfaceOrientationPortraitUpsideDown UIInterfaceOrientationLandscapeLeft UIInterfaceOrientationLandscapeRight";
				INFOPLIST_KEY_UISupportedInterfaceOrientations_iPhone = "UIInterfaceOrientationPortrait UIInterfaceOrientationLandscapeLeft UIInterfaceOrientationLandscapeRight";
				LD_RUNPATH_SEARCH_PATHS = (
					"$(inherited)",
					"@executable_path/Frameworks",
				);
				MARKETING_VERSION = 1.0;
				PRODUCT_BUNDLE_IDENTIFIER = com.tsubuzaki.Meloan;
				PRODUCT_NAME = "$(TARGET_NAME)";
				SWIFT_EMIT_LOC_STRINGS = YES;
				SWIFT_VERSION = 5.0;
				TARGETED_DEVICE_FAMILY = "1,2";
			};
			name = Debug;
		};
		E44B68262AB4ADCB00B243B0 /* Release */ = {
			isa = XCBuildConfiguration;
			buildSettings = {
				ALWAYS_EMBED_SWIFT_STANDARD_LIBRARIES = YES;
				ASSETCATALOG_COMPILER_APPICON_NAME = AppIcon;
				ASSETCATALOG_COMPILER_GLOBAL_ACCENT_COLOR_NAME = AccentColor;
				CODE_SIGN_ENTITLEMENTS = Meloan/Meloan.entitlements;
				CODE_SIGN_STYLE = Automatic;
				CURRENT_PROJECT_VERSION = 1;
				DEVELOPMENT_TEAM = YYM4Z6MU8F;
				ENABLE_PREVIEWS = YES;
				ENABLE_USER_SCRIPT_SANDBOXING = NO;
				GENERATE_INFOPLIST_FILE = YES;
				INFOPLIST_FILE = Meloan/Info.plist;
				INFOPLIST_KEY_UIApplicationSceneManifest_Generation = YES;
				INFOPLIST_KEY_UIApplicationSupportsIndirectInputEvents = YES;
				INFOPLIST_KEY_UISupportedInterfaceOrientations_iPad = "UIInterfaceOrientationPortrait UIInterfaceOrientationPortraitUpsideDown UIInterfaceOrientationLandscapeLeft UIInterfaceOrientationLandscapeRight";
				INFOPLIST_KEY_UISupportedInterfaceOrientations_iPhone = "UIInterfaceOrientationPortrait UIInterfaceOrientationLandscapeLeft UIInterfaceOrientationLandscapeRight";
				LD_RUNPATH_SEARCH_PATHS = (
					"$(inherited)",
					"@executable_path/Frameworks",
				);
				MARKETING_VERSION = 1.0;
				PRODUCT_BUNDLE_IDENTIFIER = com.tsubuzaki.Meloan;
				PRODUCT_NAME = "$(TARGET_NAME)";
				SWIFT_EMIT_LOC_STRINGS = YES;
				SWIFT_VERSION = 5.0;
				TARGETED_DEVICE_FAMILY = "1,2";
			};
			name = Release;
		};
		E46082472AB9575E001CF504 /* Debug */ = {
			isa = XCBuildConfiguration;
			buildSettings = {
				ASSETCATALOG_COMPILER_GLOBAL_ACCENT_COLOR_NAME = AccentColor;
				ASSETCATALOG_COMPILER_WIDGET_BACKGROUND_COLOR_NAME = WidgetBackground;
				CODE_SIGN_ENTITLEMENTS = AssistantExtension.entitlements;
				CODE_SIGN_STYLE = Automatic;
				CURRENT_PROJECT_VERSION = 1;
				DEVELOPMENT_TEAM = YYM4Z6MU8F;
				GENERATE_INFOPLIST_FILE = YES;
				INFOPLIST_FILE = Assistant/Info.plist;
				INFOPLIST_KEY_CFBundleDisplayName = Assistant;
				INFOPLIST_KEY_NSHumanReadableCopyright = "";
				LD_RUNPATH_SEARCH_PATHS = (
					"$(inherited)",
					"@executable_path/Frameworks",
					"@executable_path/../../Frameworks",
				);
				MARKETING_VERSION = 1.0;
				PRODUCT_BUNDLE_IDENTIFIER = com.tsubuzaki.Meloan.Assistant;
				PRODUCT_NAME = "$(TARGET_NAME)";
				SKIP_INSTALL = YES;
				SWIFT_EMIT_LOC_STRINGS = YES;
				SWIFT_VERSION = 5.0;
				TARGETED_DEVICE_FAMILY = "1,2";
			};
			name = Debug;
		};
		E46082482AB9575E001CF504 /* Release */ = {
			isa = XCBuildConfiguration;
			buildSettings = {
				ASSETCATALOG_COMPILER_GLOBAL_ACCENT_COLOR_NAME = AccentColor;
				ASSETCATALOG_COMPILER_WIDGET_BACKGROUND_COLOR_NAME = WidgetBackground;
				CODE_SIGN_ENTITLEMENTS = AssistantExtension.entitlements;
				CODE_SIGN_STYLE = Automatic;
				CURRENT_PROJECT_VERSION = 1;
				DEVELOPMENT_TEAM = YYM4Z6MU8F;
				GENERATE_INFOPLIST_FILE = YES;
				INFOPLIST_FILE = Assistant/Info.plist;
				INFOPLIST_KEY_CFBundleDisplayName = Assistant;
				INFOPLIST_KEY_NSHumanReadableCopyright = "";
				LD_RUNPATH_SEARCH_PATHS = (
					"$(inherited)",
					"@executable_path/Frameworks",
					"@executable_path/../../Frameworks",
				);
				MARKETING_VERSION = 1.0;
				PRODUCT_BUNDLE_IDENTIFIER = com.tsubuzaki.Meloan.Assistant;
				PRODUCT_NAME = "$(TARGET_NAME)";
				SKIP_INSTALL = YES;
				SWIFT_EMIT_LOC_STRINGS = YES;
				SWIFT_VERSION = 5.0;
				TARGETED_DEVICE_FAMILY = "1,2";
			};
			name = Release;
		};
/* End XCBuildConfiguration section */

/* Begin XCConfigurationList section */
		E44B680F2AB4ADCA00B243B0 /* Build configuration list for PBXProject "Meloan" */ = {
			isa = XCConfigurationList;
			buildConfigurations = (
				E44B68222AB4ADCB00B243B0 /* Debug */,
				E44B68232AB4ADCB00B243B0 /* Release */,
			);
			defaultConfigurationIsVisible = 0;
			defaultConfigurationName = Release;
		};
		E44B68242AB4ADCB00B243B0 /* Build configuration list for PBXNativeTarget "Meloan" */ = {
			isa = XCConfigurationList;
			buildConfigurations = (
				E44B68252AB4ADCB00B243B0 /* Debug */,
				E44B68262AB4ADCB00B243B0 /* Release */,
			);
			defaultConfigurationIsVisible = 0;
			defaultConfigurationName = Release;
		};
		E46082492AB9575E001CF504 /* Build configuration list for PBXNativeTarget "AssistantExtension" */ = {
			isa = XCConfigurationList;
			buildConfigurations = (
				E46082472AB9575E001CF504 /* Debug */,
				E46082482AB9575E001CF504 /* Release */,
			);
			defaultConfigurationIsVisible = 0;
			defaultConfigurationName = Release;
		};
/* End XCConfigurationList section */

/* Begin XCRemoteSwiftPackageReference section */
		E44B68312AB56D0D00B243B0 /* XCRemoteSwiftPackageReference "Komponents" */ = {
			isa = XCRemoteSwiftPackageReference;
			repositoryURL = "https://github.com/katagaki/Komponents";
			requirement = {
				branch = main;
				kind = branch;
			};
		};
		E4766C292AB89500005E4B47 /* XCRemoteSwiftPackageReference "ConfettiSwiftUI" */ = {
			isa = XCRemoteSwiftPackageReference;
			repositoryURL = "https://github.com/simibac/ConfettiSwiftUI";
			requirement = {
				kind = upToNextMinorVersion;
				minimumVersion = 1.1.0;
			};
		};
/* End XCRemoteSwiftPackageReference section */

/* Begin XCSwiftPackageProductDependency section */
		E44B68322AB56D0D00B243B0 /* Komponents */ = {
			isa = XCSwiftPackageProductDependency;
			package = E44B68312AB56D0D00B243B0 /* XCRemoteSwiftPackageReference "Komponents" */;
			productName = Komponents;
		};
		E4766C2A2AB89500005E4B47 /* ConfettiSwiftUI */ = {
			isa = XCSwiftPackageProductDependency;
			package = E4766C292AB89500005E4B47 /* XCRemoteSwiftPackageReference "ConfettiSwiftUI" */;
			productName = ConfettiSwiftUI;
		};
/* End XCSwiftPackageProductDependency section */
	};
	rootObject = E44B680C2AB4ADCA00B243B0 /* Project object */;
}
