// !$*UTF8*$!
{
	archiveVersion = 1;
	classes = {
	};
	objectVersion = 56;
	objects = {

/* Begin PBXBuildFile section */
		E44B68182AB4ADCA00B243B0 /* App.swift in Sources */ = {isa = PBXBuildFile; fileRef = E44B68172AB4ADCA00B243B0 /* App.swift */; };
		E44B681A2AB4ADCA00B243B0 /* PeopleView.swift in Sources */ = {isa = PBXBuildFile; fileRef = E44B68192AB4ADCA00B243B0 /* PeopleView.swift */; };
		E44B681C2AB4ADCA00B243B0 /* Person.swift in Sources */ = {isa = PBXBuildFile; fileRef = E44B681B2AB4ADCA00B243B0 /* Person.swift */; };
		E44B681E2AB4ADCB00B243B0 /* Assets.xcassets in Resources */ = {isa = PBXBuildFile; fileRef = E44B681D2AB4ADCB00B243B0 /* Assets.xcassets */; };
		E44B68292AB5667A00B243B0 /* ReceiptItem.swift in Sources */ = {isa = PBXBuildFile; fileRef = E44B68282AB5667A00B243B0 /* ReceiptItem.swift */; };
		E44B682C2AB5671600B243B0 /* TaxItem.swift in Sources */ = {isa = PBXBuildFile; fileRef = E44B682B2AB5671600B243B0 /* TaxItem.swift */; };
		E44B682E2AB5673B00B243B0 /* DiscountItem.swift in Sources */ = {isa = PBXBuildFile; fileRef = E44B682D2AB5673B00B243B0 /* DiscountItem.swift */; };
		E44B68302AB5675E00B243B0 /* MainTabView.swift in Sources */ = {isa = PBXBuildFile; fileRef = E44B682F2AB5675E00B243B0 /* MainTabView.swift */; };
		E44B68332AB56D0D00B243B0 /* Komponents in Frameworks */ = {isa = PBXBuildFile; productRef = E44B68322AB56D0D00B243B0 /* Komponents */; };
		E44B68372AB5700300B243B0 /* NavigationManager.swift in Sources */ = {isa = PBXBuildFile; fileRef = E44B68362AB5700300B243B0 /* NavigationManager.swift */; };
		E44B68392AB5702C00B243B0 /* TabManager.swift in Sources */ = {isa = PBXBuildFile; fileRef = E44B68382AB5702C00B243B0 /* TabManager.swift */; };
		E44B683C2AB5704300B243B0 /* TabType.swift in Sources */ = {isa = PBXBuildFile; fileRef = E44B683B2AB5704300B243B0 /* TabType.swift */; };
		E44B683E2AB5705600B243B0 /* ViewPath.swift in Sources */ = {isa = PBXBuildFile; fileRef = E44B683D2AB5705600B243B0 /* ViewPath.swift */; };
		E44B68402AB573C300B243B0 /* Localizable.xcstrings in Resources */ = {isa = PBXBuildFile; fileRef = E44B683F2AB573C300B243B0 /* Localizable.xcstrings */; };
		E44B68432AB579D800B243B0 /* MoreView.swift in Sources */ = {isa = PBXBuildFile; fileRef = E44B68422AB579D800B243B0 /* MoreView.swift */; };
		E44B68462AB5832900B243B0 /* Receipt.swift in Sources */ = {isa = PBXBuildFile; fileRef = E44B68452AB5832900B243B0 /* Receipt.swift */; };
		E44B68482AB58B9100B243B0 /* PersonCreator.swift in Sources */ = {isa = PBXBuildFile; fileRef = E44B68472AB58B9100B243B0 /* PersonCreator.swift */; };
		E44B684C2AB5931700B243B0 /* ReceiptsView.swift in Sources */ = {isa = PBXBuildFile; fileRef = E44B684B2AB5931700B243B0 /* ReceiptsView.swift */; };
		E44B684E2AB5938700B243B0 /* ReceiptColumn.swift in Sources */ = {isa = PBXBuildFile; fileRef = E44B684D2AB5938700B243B0 /* ReceiptColumn.swift */; };
		E44B68502AB5A36A00B243B0 /* ReceiptItemCompactRow.swift in Sources */ = {isa = PBXBuildFile; fileRef = E44B684F2AB5A36A00B243B0 /* ReceiptItemCompactRow.swift */; };
		E44B68522AB5B67F00B243B0 /* InfoPlist.xcstrings in Resources */ = {isa = PBXBuildFile; fileRef = E44B68512AB5B67F00B243B0 /* InfoPlist.xcstrings */; };
		E44B68542AB5BA4A00B243B0 /* ReceiptCreator.swift in Sources */ = {isa = PBXBuildFile; fileRef = E44B68532AB5BA4A00B243B0 /* ReceiptCreator.swift */; };
		E44B68562AB5BBFE00B243B0 /* PersonRow.swift in Sources */ = {isa = PBXBuildFile; fileRef = E44B68552AB5BBFE00B243B0 /* PersonRow.swift */; };
		E44B68592AB5C2FB00B243B0 /* ReceiptItemEditableRow.swift in Sources */ = {isa = PBXBuildFile; fileRef = E44B68582AB5C2FB00B243B0 /* ReceiptItemEditableRow.swift */; };
		E44B685B2AB5D7EA00B243B0 /* ReceiptItemEditable.swift in Sources */ = {isa = PBXBuildFile; fileRef = E44B685A2AB5D7EA00B243B0 /* ReceiptItemEditable.swift */; };
		E44B685F2AB5F7A000B243B0 /* ReceiptAssignor.swift in Sources */ = {isa = PBXBuildFile; fileRef = E44B685E2AB5F7A000B243B0 /* ReceiptAssignor.swift */; };
		E44B68612AB5FA0F00B243B0 /* ReceiptItemAssignableSection.swift in Sources */ = {isa = PBXBuildFile; fileRef = E44B68602AB5FA0F00B243B0 /* ReceiptItemAssignableSection.swift */; };
/* End PBXBuildFile section */

/* Begin PBXFileReference section */
		E44B68142AB4ADCA00B243B0 /* Meloan.app */ = {isa = PBXFileReference; explicitFileType = wrapper.application; includeInIndex = 0; path = Meloan.app; sourceTree = BUILT_PRODUCTS_DIR; };
		E44B68172AB4ADCA00B243B0 /* App.swift */ = {isa = PBXFileReference; lastKnownFileType = sourcecode.swift; path = App.swift; sourceTree = "<group>"; };
		E44B68192AB4ADCA00B243B0 /* PeopleView.swift */ = {isa = PBXFileReference; lastKnownFileType = sourcecode.swift; path = PeopleView.swift; sourceTree = "<group>"; };
		E44B681B2AB4ADCA00B243B0 /* Person.swift */ = {isa = PBXFileReference; lastKnownFileType = sourcecode.swift; path = Person.swift; sourceTree = "<group>"; };
		E44B681D2AB4ADCB00B243B0 /* Assets.xcassets */ = {isa = PBXFileReference; lastKnownFileType = folder.assetcatalog; path = Assets.xcassets; sourceTree = "<group>"; };
		E44B68282AB5667A00B243B0 /* ReceiptItem.swift */ = {isa = PBXFileReference; lastKnownFileType = sourcecode.swift; path = ReceiptItem.swift; sourceTree = "<group>"; };
		E44B682B2AB5671600B243B0 /* TaxItem.swift */ = {isa = PBXFileReference; lastKnownFileType = sourcecode.swift; path = TaxItem.swift; sourceTree = "<group>"; };
		E44B682D2AB5673B00B243B0 /* DiscountItem.swift */ = {isa = PBXFileReference; lastKnownFileType = sourcecode.swift; path = DiscountItem.swift; sourceTree = "<group>"; };
		E44B682F2AB5675E00B243B0 /* MainTabView.swift */ = {isa = PBXFileReference; lastKnownFileType = sourcecode.swift; path = MainTabView.swift; sourceTree = "<group>"; };
		E44B68362AB5700300B243B0 /* NavigationManager.swift */ = {isa = PBXFileReference; lastKnownFileType = sourcecode.swift; path = NavigationManager.swift; sourceTree = "<group>"; };
		E44B68382AB5702C00B243B0 /* TabManager.swift */ = {isa = PBXFileReference; lastKnownFileType = sourcecode.swift; path = TabManager.swift; sourceTree = "<group>"; };
		E44B683B2AB5704300B243B0 /* TabType.swift */ = {isa = PBXFileReference; lastKnownFileType = sourcecode.swift; path = TabType.swift; sourceTree = "<group>"; };
		E44B683D2AB5705600B243B0 /* ViewPath.swift */ = {isa = PBXFileReference; lastKnownFileType = sourcecode.swift; path = ViewPath.swift; sourceTree = "<group>"; };
		E44B683F2AB573C300B243B0 /* Localizable.xcstrings */ = {isa = PBXFileReference; lastKnownFileType = text.json.xcstrings; path = Localizable.xcstrings; sourceTree = "<group>"; };
		E44B68412AB5748900B243B0 /* Info.plist */ = {isa = PBXFileReference; lastKnownFileType = text.plist; path = Info.plist; sourceTree = "<group>"; };
		E44B68422AB579D800B243B0 /* MoreView.swift */ = {isa = PBXFileReference; lastKnownFileType = sourcecode.swift; path = MoreView.swift; sourceTree = "<group>"; };
		E44B68452AB5832900B243B0 /* Receipt.swift */ = {isa = PBXFileReference; lastKnownFileType = sourcecode.swift; path = Receipt.swift; sourceTree = "<group>"; };
		E44B68472AB58B9100B243B0 /* PersonCreator.swift */ = {isa = PBXFileReference; lastKnownFileType = sourcecode.swift; path = PersonCreator.swift; sourceTree = "<group>"; };
		E44B684B2AB5931700B243B0 /* ReceiptsView.swift */ = {isa = PBXFileReference; lastKnownFileType = sourcecode.swift; path = ReceiptsView.swift; sourceTree = "<group>"; };
		E44B684D2AB5938700B243B0 /* ReceiptColumn.swift */ = {isa = PBXFileReference; lastKnownFileType = sourcecode.swift; path = ReceiptColumn.swift; sourceTree = "<group>"; };
		E44B684F2AB5A36A00B243B0 /* ReceiptItemCompactRow.swift */ = {isa = PBXFileReference; lastKnownFileType = sourcecode.swift; path = ReceiptItemCompactRow.swift; sourceTree = "<group>"; };
		E44B68512AB5B67F00B243B0 /* InfoPlist.xcstrings */ = {isa = PBXFileReference; lastKnownFileType = text.json.xcstrings; path = InfoPlist.xcstrings; sourceTree = "<group>"; };
		E44B68532AB5BA4A00B243B0 /* ReceiptCreator.swift */ = {isa = PBXFileReference; lastKnownFileType = sourcecode.swift; path = ReceiptCreator.swift; sourceTree = "<group>"; };
		E44B68552AB5BBFE00B243B0 /* PersonRow.swift */ = {isa = PBXFileReference; lastKnownFileType = sourcecode.swift; path = PersonRow.swift; sourceTree = "<group>"; };
		E44B68582AB5C2FB00B243B0 /* ReceiptItemEditableRow.swift */ = {isa = PBXFileReference; lastKnownFileType = sourcecode.swift; path = ReceiptItemEditableRow.swift; sourceTree = "<group>"; };
		E44B685A2AB5D7EA00B243B0 /* ReceiptItemEditable.swift */ = {isa = PBXFileReference; lastKnownFileType = sourcecode.swift; path = ReceiptItemEditable.swift; sourceTree = "<group>"; };
		E44B685E2AB5F7A000B243B0 /* ReceiptAssignor.swift */ = {isa = PBXFileReference; lastKnownFileType = sourcecode.swift; path = ReceiptAssignor.swift; sourceTree = "<group>"; };
		E44B68602AB5FA0F00B243B0 /* ReceiptItemAssignableSection.swift */ = {isa = PBXFileReference; lastKnownFileType = sourcecode.swift; path = ReceiptItemAssignableSection.swift; sourceTree = "<group>"; };
/* End PBXFileReference section */

/* Begin PBXFrameworksBuildPhase section */
		E44B68112AB4ADCA00B243B0 /* Frameworks */ = {
			isa = PBXFrameworksBuildPhase;
			buildActionMask = 2147483647;
			files = (
				E44B68332AB56D0D00B243B0 /* Komponents in Frameworks */,
			);
			runOnlyForDeploymentPostprocessing = 0;
		};
/* End PBXFrameworksBuildPhase section */

/* Begin PBXGroup section */
		E44B680B2AB4ADCA00B243B0 = {
			isa = PBXGroup;
			children = (
				E44B68162AB4ADCA00B243B0 /* Meloan */,
				E44B68152AB4ADCA00B243B0 /* Products */,
			);
			sourceTree = "<group>";
		};
		E44B68152AB4ADCA00B243B0 /* Products */ = {
			isa = PBXGroup;
			children = (
				E44B68142AB4ADCA00B243B0 /* Meloan.app */,
			);
			name = Products;
			sourceTree = "<group>";
		};
		E44B68162AB4ADCA00B243B0 /* Meloan */ = {
			isa = PBXGroup;
			children = (
				E44B68412AB5748900B243B0 /* Info.plist */,
				E44B681D2AB4ADCB00B243B0 /* Assets.xcassets */,
				E44B68512AB5B67F00B243B0 /* InfoPlist.xcstrings */,
				E44B683F2AB573C300B243B0 /* Localizable.xcstrings */,
				E44B68342AB56FEC00B243B0 /* Views */,
				E44B68352AB56FF100B243B0 /* Classes */,
				E44B683A2AB5703C00B243B0 /* Enums */,
				E44B68272AB5662800B243B0 /* SwiftData */,
			);
			path = Meloan;
			sourceTree = "<group>";
		};
		E44B68272AB5662800B243B0 /* SwiftData */ = {
			isa = PBXGroup;
			children = (
				E44B68452AB5832900B243B0 /* Receipt.swift */,
				E44B681B2AB4ADCA00B243B0 /* Person.swift */,
				E44B68282AB5667A00B243B0 /* ReceiptItem.swift */,
				E44B682D2AB5673B00B243B0 /* DiscountItem.swift */,
				E44B682B2AB5671600B243B0 /* TaxItem.swift */,
			);
			path = SwiftData;
			sourceTree = "<group>";
		};
		E44B68342AB56FEC00B243B0 /* Views */ = {
			isa = PBXGroup;
			children = (
				E44B68172AB4ADCA00B243B0 /* App.swift */,
				E44B682F2AB5675E00B243B0 /* MainTabView.swift */,
				E44B68492AB592F400B243B0 /* Receipts */,
				E44B684A2AB592F800B243B0 /* IOU */,
				E44B68442AB5806A00B243B0 /* People */,
				E44B68572AB5BC0600B243B0 /* Shared */,
				E44B68422AB579D800B243B0 /* MoreView.swift */,
			);
			path = Views;
			sourceTree = "<group>";
		};
		E44B68352AB56FF100B243B0 /* Classes */ = {
			isa = PBXGroup;
			children = (
				E44B685A2AB5D7EA00B243B0 /* ReceiptItemEditable.swift */,
				E44B68362AB5700300B243B0 /* NavigationManager.swift */,
				E44B68382AB5702C00B243B0 /* TabManager.swift */,
			);
			path = Classes;
			sourceTree = "<group>";
		};
		E44B683A2AB5703C00B243B0 /* Enums */ = {
			isa = PBXGroup;
			children = (
				E44B683D2AB5705600B243B0 /* ViewPath.swift */,
				E44B683B2AB5704300B243B0 /* TabType.swift */,
			);
			path = Enums;
			sourceTree = "<group>";
		};
		E44B68442AB5806A00B243B0 /* People */ = {
			isa = PBXGroup;
			children = (
				E44B68192AB4ADCA00B243B0 /* PeopleView.swift */,
				E44B68472AB58B9100B243B0 /* PersonCreator.swift */,
			);
			path = People;
			sourceTree = "<group>";
		};
		E44B68492AB592F400B243B0 /* Receipts */ = {
			isa = PBXGroup;
			children = (
				E44B684B2AB5931700B243B0 /* ReceiptsView.swift */,
				E44B684D2AB5938700B243B0 /* ReceiptColumn.swift */,
				E44B684F2AB5A36A00B243B0 /* ReceiptItemCompactRow.swift */,
				E44B68532AB5BA4A00B243B0 /* ReceiptCreator.swift */,
				E44B68582AB5C2FB00B243B0 /* ReceiptItemEditableRow.swift */,
				E44B685E2AB5F7A000B243B0 /* ReceiptAssignor.swift */,
				E44B68602AB5FA0F00B243B0 /* ReceiptItemAssignableSection.swift */,
			);
			path = Receipts;
			sourceTree = "<group>";
		};
		E44B684A2AB592F800B243B0 /* IOU */ = {
			isa = PBXGroup;
			children = (
			);
			path = IOU;
			sourceTree = "<group>";
		};
		E44B68572AB5BC0600B243B0 /* Shared */ = {
			isa = PBXGroup;
			children = (
				E44B68552AB5BBFE00B243B0 /* PersonRow.swift */,
			);
			path = Shared;
			sourceTree = "<group>";
		};
/* End PBXGroup section */

/* Begin PBXNativeTarget section */
		E44B68132AB4ADCA00B243B0 /* Meloan */ = {
			isa = PBXNativeTarget;
			buildConfigurationList = E44B68242AB4ADCB00B243B0 /* Build configuration list for PBXNativeTarget "Meloan" */;
			buildPhases = (
				E44B68102AB4ADCA00B243B0 /* Sources */,
				E44B68112AB4ADCA00B243B0 /* Frameworks */,
				E44B68122AB4ADCA00B243B0 /* Resources */,
				E44B682A2AB566D200B243B0 /* ShellScript */,
			);
			buildRules = (
			);
			dependencies = (
			);
			name = Meloan;
			packageProductDependencies = (
				E44B68322AB56D0D00B243B0 /* Komponents */,
			);
			productName = Meloan;
			productReference = E44B68142AB4ADCA00B243B0 /* Meloan.app */;
			productType = "com.apple.product-type.application";
		};
/* End PBXNativeTarget section */

/* Begin PBXProject section */
		E44B680C2AB4ADCA00B243B0 /* Project object */ = {
			isa = PBXProject;
			attributes = {
				BuildIndependentTargetsInParallel = 1;
				LastSwiftUpdateCheck = 1500;
				LastUpgradeCheck = 1500;
				TargetAttributes = {
					E44B68132AB4ADCA00B243B0 = {
						CreatedOnToolsVersion = 15.0;
					};
				};
			};
			buildConfigurationList = E44B680F2AB4ADCA00B243B0 /* Build configuration list for PBXProject "Meloan" */;
			compatibilityVersion = "Xcode 14.0";
			developmentRegion = en;
			hasScannedForEncodings = 0;
			knownRegions = (
				en,
				Base,
				ja,
			);
			mainGroup = E44B680B2AB4ADCA00B243B0;
			packageReferences = (
				E44B68312AB56D0D00B243B0 /* XCRemoteSwiftPackageReference "Komponents" */,
			);
			productRefGroup = E44B68152AB4ADCA00B243B0 /* Products */;
			projectDirPath = "";
			projectRoot = "";
			targets = (
				E44B68132AB4ADCA00B243B0 /* Meloan */,
			);
		};
/* End PBXProject section */

/* Begin PBXResourcesBuildPhase section */
		E44B68122AB4ADCA00B243B0 /* Resources */ = {
			isa = PBXResourcesBuildPhase;
			buildActionMask = 2147483647;
			files = (
				E44B68522AB5B67F00B243B0 /* InfoPlist.xcstrings in Resources */,
				E44B68402AB573C300B243B0 /* Localizable.xcstrings in Resources */,
				E44B681E2AB4ADCB00B243B0 /* Assets.xcassets in Resources */,
			);
			runOnlyForDeploymentPostprocessing = 0;
		};
/* End PBXResourcesBuildPhase section */

/* Begin PBXShellScriptBuildPhase section */
		E44B682A2AB566D200B243B0 /* ShellScript */ = {
			isa = PBXShellScriptBuildPhase;
			alwaysOutOfDate = 1;
			buildActionMask = 2147483647;
			files = (
			);
			inputFileListPaths = (
			);
			inputPaths = (
			);
			outputFileListPaths = (
			);
			outputPaths = (
			);
			runOnlyForDeploymentPostprocessing = 0;
			shellPath = /bin/sh;
			shellScript = "export PATH=\"$PATH:/opt/homebrew/bin\"\nif which swiftlint > /dev/null; then\n  swiftlint\nelse\n  echo \"warning: SwiftLint not installed, download from https://github.com/realm/SwiftLint\"\nfi\n";
		};
/* End PBXShellScriptBuildPhase section */

/* Begin PBXSourcesBuildPhase section */
		E44B68102AB4ADCA00B243B0 /* Sources */ = {
			isa = PBXSourcesBuildPhase;
			buildActionMask = 2147483647;
			files = (
				E44B681A2AB4ADCA00B243B0 /* PeopleView.swift in Sources */,
				E44B68542AB5BA4A00B243B0 /* ReceiptCreator.swift in Sources */,
				E44B685F2AB5F7A000B243B0 /* ReceiptAssignor.swift in Sources */,
				E44B683E2AB5705600B243B0 /* ViewPath.swift in Sources */,
				E44B681C2AB4ADCA00B243B0 /* Person.swift in Sources */,
				E44B68462AB5832900B243B0 /* Receipt.swift in Sources */,
				E44B684C2AB5931700B243B0 /* ReceiptsView.swift in Sources */,
				E44B68182AB4ADCA00B243B0 /* App.swift in Sources */,
				E44B68482AB58B9100B243B0 /* PersonCreator.swift in Sources */,
				E44B682E2AB5673B00B243B0 /* DiscountItem.swift in Sources */,
				E44B684E2AB5938700B243B0 /* ReceiptColumn.swift in Sources */,
				E44B685B2AB5D7EA00B243B0 /* ReceiptItemEditable.swift in Sources */,
				E44B68302AB5675E00B243B0 /* MainTabView.swift in Sources */,
				E44B68372AB5700300B243B0 /* NavigationManager.swift in Sources */,
				E44B68612AB5FA0F00B243B0 /* ReceiptItemAssignableSection.swift in Sources */,
				E44B68432AB579D800B243B0 /* MoreView.swift in Sources */,
				E44B682C2AB5671600B243B0 /* TaxItem.swift in Sources */,
				E44B683C2AB5704300B243B0 /* TabType.swift in Sources */,
				E44B68292AB5667A00B243B0 /* ReceiptItem.swift in Sources */,
				E44B68392AB5702C00B243B0 /* TabManager.swift in Sources */,
				E44B68502AB5A36A00B243B0 /* ReceiptItemCompactRow.swift in Sources */,
				E44B68592AB5C2FB00B243B0 /* ReceiptItemEditableRow.swift in Sources */,
				E44B68562AB5BBFE00B243B0 /* PersonRow.swift in Sources */,
			);
			runOnlyForDeploymentPostprocessing = 0;
		};
/* End PBXSourcesBuildPhase section */

/* Begin XCBuildConfiguration section */
		E44B68222AB4ADCB00B243B0 /* Debug */ = {
			isa = XCBuildConfiguration;
			buildSettings = {
				ALWAYS_SEARCH_USER_PATHS = NO;
				ASSETCATALOG_COMPILER_GENERATE_SWIFT_ASSET_SYMBOL_EXTENSIONS = YES;
				CLANG_ANALYZER_NONNULL = YES;
				CLANG_ANALYZER_NUMBER_OBJECT_CONVERSION = YES_AGGRESSIVE;
				CLANG_CXX_LANGUAGE_STANDARD = "gnu++20";
				CLANG_ENABLE_MODULES = YES;
				CLANG_ENABLE_OBJC_ARC = YES;
				CLANG_ENABLE_OBJC_WEAK = YES;
				CLANG_WARN_BLOCK_CAPTURE_AUTORELEASING = YES;
				CLANG_WARN_BOOL_CONVERSION = YES;
				CLANG_WARN_COMMA = YES;
				CLANG_WARN_CONSTANT_CONVERSION = YES;
				CLANG_WARN_DEPRECATED_OBJC_IMPLEMENTATIONS = YES;
				CLANG_WARN_DIRECT_OBJC_ISA_USAGE = YES_ERROR;
				CLANG_WARN_DOCUMENTATION_COMMENTS = YES;
				CLANG_WARN_EMPTY_BODY = YES;
				CLANG_WARN_ENUM_CONVERSION = YES;
				CLANG_WARN_INFINITE_RECURSION = YES;
				CLANG_WARN_INT_CONVERSION = YES;
				CLANG_WARN_NON_LITERAL_NULL_CONVERSION = YES;
				CLANG_WARN_OBJC_IMPLICIT_RETAIN_SELF = YES;
				CLANG_WARN_OBJC_LITERAL_CONVERSION = YES;
				CLANG_WARN_OBJC_ROOT_CLASS = YES_ERROR;
				CLANG_WARN_QUOTED_INCLUDE_IN_FRAMEWORK_HEADER = YES;
				CLANG_WARN_RANGE_LOOP_ANALYSIS = YES;
				CLANG_WARN_STRICT_PROTOTYPES = YES;
				CLANG_WARN_SUSPICIOUS_MOVE = YES;
				CLANG_WARN_UNGUARDED_AVAILABILITY = YES_AGGRESSIVE;
				CLANG_WARN_UNREACHABLE_CODE = YES;
				CLANG_WARN__DUPLICATE_METHOD_MATCH = YES;
				COPY_PHASE_STRIP = NO;
				DEBUG_INFORMATION_FORMAT = dwarf;
				ENABLE_STRICT_OBJC_MSGSEND = YES;
				ENABLE_TESTABILITY = YES;
				ENABLE_USER_SCRIPT_SANDBOXING = YES;
				GCC_C_LANGUAGE_STANDARD = gnu17;
				GCC_DYNAMIC_NO_PIC = NO;
				GCC_NO_COMMON_BLOCKS = YES;
				GCC_OPTIMIZATION_LEVEL = 0;
				GCC_PREPROCESSOR_DEFINITIONS = (
					"DEBUG=1",
					"$(inherited)",
				);
				GCC_WARN_64_TO_32_BIT_CONVERSION = YES;
				GCC_WARN_ABOUT_RETURN_TYPE = YES_ERROR;
				GCC_WARN_UNDECLARED_SELECTOR = YES;
				GCC_WARN_UNINITIALIZED_AUTOS = YES_AGGRESSIVE;
				GCC_WARN_UNUSED_FUNCTION = YES;
				GCC_WARN_UNUSED_VARIABLE = YES;
				IPHONEOS_DEPLOYMENT_TARGET = 17.0;
				LOCALIZATION_PREFERS_STRING_CATALOGS = YES;
				MTL_ENABLE_DEBUG_INFO = INCLUDE_SOURCE;
				MTL_FAST_MATH = YES;
				ONLY_ACTIVE_ARCH = YES;
				SDKROOT = iphoneos;
				SWIFT_ACTIVE_COMPILATION_CONDITIONS = "DEBUG $(inherited)";
				SWIFT_OPTIMIZATION_LEVEL = "-Onone";
			};
			name = Debug;
		};
		E44B68232AB4ADCB00B243B0 /* Release */ = {
			isa = XCBuildConfiguration;
			buildSettings = {
				ALWAYS_SEARCH_USER_PATHS = NO;
				ASSETCATALOG_COMPILER_GENERATE_SWIFT_ASSET_SYMBOL_EXTENSIONS = YES;
				CLANG_ANALYZER_NONNULL = YES;
				CLANG_ANALYZER_NUMBER_OBJECT_CONVERSION = YES_AGGRESSIVE;
				CLANG_CXX_LANGUAGE_STANDARD = "gnu++20";
				CLANG_ENABLE_MODULES = YES;
				CLANG_ENABLE_OBJC_ARC = YES;
				CLANG_ENABLE_OBJC_WEAK = YES;
				CLANG_WARN_BLOCK_CAPTURE_AUTORELEASING = YES;
				CLANG_WARN_BOOL_CONVERSION = YES;
				CLANG_WARN_COMMA = YES;
				CLANG_WARN_CONSTANT_CONVERSION = YES;
				CLANG_WARN_DEPRECATED_OBJC_IMPLEMENTATIONS = YES;
				CLANG_WARN_DIRECT_OBJC_ISA_USAGE = YES_ERROR;
				CLANG_WARN_DOCUMENTATION_COMMENTS = YES;
				CLANG_WARN_EMPTY_BODY = YES;
				CLANG_WARN_ENUM_CONVERSION = YES;
				CLANG_WARN_INFINITE_RECURSION = YES;
				CLANG_WARN_INT_CONVERSION = YES;
				CLANG_WARN_NON_LITERAL_NULL_CONVERSION = YES;
				CLANG_WARN_OBJC_IMPLICIT_RETAIN_SELF = YES;
				CLANG_WARN_OBJC_LITERAL_CONVERSION = YES;
				CLANG_WARN_OBJC_ROOT_CLASS = YES_ERROR;
				CLANG_WARN_QUOTED_INCLUDE_IN_FRAMEWORK_HEADER = YES;
				CLANG_WARN_RANGE_LOOP_ANALYSIS = YES;
				CLANG_WARN_STRICT_PROTOTYPES = YES;
				CLANG_WARN_SUSPICIOUS_MOVE = YES;
				CLANG_WARN_UNGUARDED_AVAILABILITY = YES_AGGRESSIVE;
				CLANG_WARN_UNREACHABLE_CODE = YES;
				CLANG_WARN__DUPLICATE_METHOD_MATCH = YES;
				COPY_PHASE_STRIP = NO;
				DEBUG_INFORMATION_FORMAT = "dwarf-with-dsym";
				ENABLE_NS_ASSERTIONS = NO;
				ENABLE_STRICT_OBJC_MSGSEND = YES;
				ENABLE_USER_SCRIPT_SANDBOXING = YES;
				GCC_C_LANGUAGE_STANDARD = gnu17;
				GCC_NO_COMMON_BLOCKS = YES;
				GCC_WARN_64_TO_32_BIT_CONVERSION = YES;
				GCC_WARN_ABOUT_RETURN_TYPE = YES_ERROR;
				GCC_WARN_UNDECLARED_SELECTOR = YES;
				GCC_WARN_UNINITIALIZED_AUTOS = YES_AGGRESSIVE;
				GCC_WARN_UNUSED_FUNCTION = YES;
				GCC_WARN_UNUSED_VARIABLE = YES;
				IPHONEOS_DEPLOYMENT_TARGET = 17.0;
				LOCALIZATION_PREFERS_STRING_CATALOGS = YES;
				MTL_ENABLE_DEBUG_INFO = NO;
				MTL_FAST_MATH = YES;
				SDKROOT = iphoneos;
				SWIFT_COMPILATION_MODE = wholemodule;
				VALIDATE_PRODUCT = YES;
			};
			name = Release;
		};
		E44B68252AB4ADCB00B243B0 /* Debug */ = {
			isa = XCBuildConfiguration;
			buildSettings = {
				ASSETCATALOG_COMPILER_APPICON_NAME = AppIcon;
				ASSETCATALOG_COMPILER_GLOBAL_ACCENT_COLOR_NAME = AccentColor;
				CODE_SIGN_STYLE = Automatic;
				CURRENT_PROJECT_VERSION = 1;
				DEVELOPMENT_TEAM = YYM4Z6MU8F;
				ENABLE_PREVIEWS = YES;
				ENABLE_USER_SCRIPT_SANDBOXING = NO;
				GENERATE_INFOPLIST_FILE = YES;
				INFOPLIST_FILE = Meloan/Info.plist;
				INFOPLIST_KEY_UIApplicationSceneManifest_Generation = YES;
				INFOPLIST_KEY_UIApplicationSupportsIndirectInputEvents = YES;
				INFOPLIST_KEY_UILaunchScreen_Generation = YES;
				INFOPLIST_KEY_UISupportedInterfaceOrientations_iPad = "UIInterfaceOrientationPortrait UIInterfaceOrientationPortraitUpsideDown UIInterfaceOrientationLandscapeLeft UIInterfaceOrientationLandscapeRight";
				INFOPLIST_KEY_UISupportedInterfaceOrientations_iPhone = "UIInterfaceOrientationPortrait UIInterfaceOrientationLandscapeLeft UIInterfaceOrientationLandscapeRight";
				LD_RUNPATH_SEARCH_PATHS = (
					"$(inherited)",
					"@executable_path/Frameworks",
				);
				MARKETING_VERSION = 1.0;
				PRODUCT_BUNDLE_IDENTIFIER = com.tsubuzaki.Meloan;
				PRODUCT_NAME = "$(TARGET_NAME)";
				SWIFT_EMIT_LOC_STRINGS = YES;
				SWIFT_VERSION = 5.0;
				TARGETED_DEVICE_FAMILY = "1,2";
			};
			name = Debug;
		};
		E44B68262AB4ADCB00B243B0 /* Release */ = {
			isa = XCBuildConfiguration;
			buildSettings = {
				ASSETCATALOG_COMPILER_APPICON_NAME = AppIcon;
				ASSETCATALOG_COMPILER_GLOBAL_ACCENT_COLOR_NAME = AccentColor;
				CODE_SIGN_STYLE = Automatic;
				CURRENT_PROJECT_VERSION = 1;
				DEVELOPMENT_TEAM = YYM4Z6MU8F;
				ENABLE_PREVIEWS = YES;
				ENABLE_USER_SCRIPT_SANDBOXING = NO;
				GENERATE_INFOPLIST_FILE = YES;
				INFOPLIST_FILE = Meloan/Info.plist;
				INFOPLIST_KEY_UIApplicationSceneManifest_Generation = YES;
				INFOPLIST_KEY_UIApplicationSupportsIndirectInputEvents = YES;
				INFOPLIST_KEY_UILaunchScreen_Generation = YES;
				INFOPLIST_KEY_UISupportedInterfaceOrientations_iPad = "UIInterfaceOrientationPortrait UIInterfaceOrientationPortraitUpsideDown UIInterfaceOrientationLandscapeLeft UIInterfaceOrientationLandscapeRight";
				INFOPLIST_KEY_UISupportedInterfaceOrientations_iPhone = "UIInterfaceOrientationPortrait UIInterfaceOrientationLandscapeLeft UIInterfaceOrientationLandscapeRight";
				LD_RUNPATH_SEARCH_PATHS = (
					"$(inherited)",
					"@executable_path/Frameworks",
				);
				MARKETING_VERSION = 1.0;
				PRODUCT_BUNDLE_IDENTIFIER = com.tsubuzaki.Meloan;
				PRODUCT_NAME = "$(TARGET_NAME)";
				SWIFT_EMIT_LOC_STRINGS = YES;
				SWIFT_VERSION = 5.0;
				TARGETED_DEVICE_FAMILY = "1,2";
			};
			name = Release;
		};
/* End XCBuildConfiguration section */

/* Begin XCConfigurationList section */
		E44B680F2AB4ADCA00B243B0 /* Build configuration list for PBXProject "Meloan" */ = {
			isa = XCConfigurationList;
			buildConfigurations = (
				E44B68222AB4ADCB00B243B0 /* Debug */,
				E44B68232AB4ADCB00B243B0 /* Release */,
			);
			defaultConfigurationIsVisible = 0;
			defaultConfigurationName = Release;
		};
		E44B68242AB4ADCB00B243B0 /* Build configuration list for PBXNativeTarget "Meloan" */ = {
			isa = XCConfigurationList;
			buildConfigurations = (
				E44B68252AB4ADCB00B243B0 /* Debug */,
				E44B68262AB4ADCB00B243B0 /* Release */,
			);
			defaultConfigurationIsVisible = 0;
			defaultConfigurationName = Release;
		};
/* End XCConfigurationList section */

/* Begin XCRemoteSwiftPackageReference section */
		E44B68312AB56D0D00B243B0 /* XCRemoteSwiftPackageReference "Komponents" */ = {
			isa = XCRemoteSwiftPackageReference;
			repositoryURL = "https://github.com/katagaki/Komponents";
			requirement = {
				branch = main;
				kind = branch;
			};
		};
/* End XCRemoteSwiftPackageReference section */

/* Begin XCSwiftPackageProductDependency section */
		E44B68322AB56D0D00B243B0 /* Komponents */ = {
			isa = XCSwiftPackageProductDependency;
			package = E44B68312AB56D0D00B243B0 /* XCRemoteSwiftPackageReference "Komponents" */;
			productName = Komponents;
		};
/* End XCSwiftPackageProductDependency section */
	};
	rootObject = E44B680C2AB4ADCA00B243B0 /* Project object */;
}
